version = 1
revision = 3
requires-python = ">=3.11"

[[package]]
name = "linkify-it-py"
version = "2.2.0"
source = { registry = "https://pypi.org/simple" }
sdist = { url = "https://files.pythonhosted.org/packages/45/98/7a1a5f31fd5c7ba93e963b168e244b8e3dd705b3d2a718e3c3307583bf57/linkify_it_py-2.2.0.tar.gz", hash = "sha256:907acd2d17ac1fbb9ddb62c8957ccbd6158cac602231a15c3b0cd1e215f03cee", size = 32939, upload-time = "2026-08-29T07:07:08.305Z" }
wheels = [
    { url = "https://files.pythonhosted.org/packages/13/d4/1152d1c7ab42d8b908be64fd200ddc870dc9d4925e951198702084aa1a7d/linkify_it_py-2.2.0-py3-none-any.whl", hash = "sha256:3adc40eb5af300b2605fcfdb968c24e1d780a90f1f2221af7c15e5111e94d443", size = 21971, upload-time = "2026-08-29T07:07:07.164Z" },
]

[[package]]
name = "markdown-it-py"
version = "4.2.0"
source = { registry = "https://pypi.org/simple" }
dependencies = [
    { name = "mdurl" },
]
sdist = { url = "https://files.pythonhosted.org/packages/06/ff/7841249c247aa650a76b9ee4bbaeae59370dc8bfd2f6c01f3630c35eb134/markdown_it_py-4.2.0.tar.gz", hash = "sha256:04a21681d6fbb623de53f6f364d352309d4094dd4194040a10fd51833e418d49", size = 82454, upload-time = "2026-05-07T12:08:28.36Z" }
wheels = [
    { url = "https://files.pythonhosted.org/packages/b3/81/4da04ced5a082363ecfa159c010d200ecbd959ae410c10c0264a38cac0f5/markdown_it_py-4.2.0-py3-none-any.whl", hash = "sha256:9f7ebbcd14fe59494226453aed97c1070d83f8d24b6fc3a3bcf9a38092641c4a", size = 91687, upload-time = "2026-05-07T12:08:27.182Z" },
]

[package.optional-dependencies]
linkify = [
    { name = "linkify-it-py" },
]

[[package]]
name = "mdit-py-plugins"
version = "0.6.1"
source = { registry = "https://pypi.org/simple" }
dependencies = [
    { name = "markdown-it-py" },
]
sdist = { url = "https://files.pythonhosted.org/packages/59/fc/f8d0863f8862f25602c0404d75568e89fb6b4109804645e5cdfb1be5cf56/mdit_py_plugins-0.6.1.tar.gz", hash = "sha256:a2bca0f039f39dbd35fb74ae1b5f998608c437463371f0ff7f49a19a17a114d0", size = 56114, upload-time = "2026-05-13T09:03:38.91Z" }
wheels = [
    { url = "https://files.pythonhosted.org/packages/a5/69/6da5581c6a7fede7dc261bf4e67d6adca4196f176b43288b55b3db395b6e/mdit_py_plugins-0.6.1-py3-none-any.whl", hash = "sha256:214c82fb2ac524472ab6a5bcab1de80f73b50443e187f401bfd77efbc7c6481d", size = 66663, upload-time = "2026-05-13T09:03:37.76Z" },
]

[[package]]
name = "mdurl"
version = "0.1.2"
source = { registry = "https://pypi.org/simple" }
sdist = { url = "https://files.pythonhosted.org/packages/d6/54/cfe61301667036ec958cb99bd3efefba235e65cdeb9c84d24a8293ba1d90/mdurl-0.1.2.tar.gz", hash = "sha256:bb413d29f5eea38f31dd4754dd7377d4465116fb207585f97bf925588687c1ba", size = 8729, upload-time = "2022-08-14T12:40:10.846Z" }
wheels = [
    { url = "https://files.pythonhosted.org/packages/b3/38/89ba8ad64ae25be8de66a6d463314cf1eb366222074cfda9ee839c56a4b4/mdurl-0.1.2-py3-none-any.whl", hash = "sha256:84008a41e51615a49fc9966191ff91509e3c40b939176e643fd50a5c2196b8f8", size = 9979, upload-time = "2022-08-14T12:40:09.779Z" },
]

[[package]]
name = "platformdirs"
version = "4.11.8"
source = { registry = "https://pypi.org/simple" }
sdist = { url = "https://files.pythonhosted.org/packages/53/18/f3bb8ef0d3b930692343da8aa4d3cbcd6749477c053959395ac81965a6e9/platformdirs-4.11.8.tar.gz", hash = "sha256:f23abafea7dd4276d1f29104b83598d7dcc567cafd07c9c951e66665645437fc", size = 37182, upload-time = "2026-09-08T22:20:42.866Z" }
wheels = [
    { url = "https://files.pythonhosted.org/packages/f4/e1/5b7b8bbb55084d1425bcb9bc823ff519e1b2be05f6ebb0089e2eacc38413/platformdirs-4.11.8-py3-none-any.whl", hash = "sha256:52f2f181bbfde907966932cc8312d967d02976422d66d537ea16092b8e291081", size = 24027, upload-time = "2026-09-08T22:20:41.537Z" },
]

[[package]]
name = "pygments"
version = "2.21.0"
source = { registry = "https://pypi.org/simple" }
sdist = { url = "https://files.pythonhosted.org/packages/49/2e/ced460408999b33da6b31b0021b0f37d329e202d4169aeb164493778f25b/pygments-2.21.0.tar.gz", hash = "sha256:610ca751c9bc2492b38eb9a38a7fbc93edbbb2d7182edaf34e66ae493dee5c8c", size = 5005329, upload-time = "2026-08-17T08:02:48.824Z" }
wheels = [
    { url = "https://files.pythonhosted.org/packages/71/46/17f022dd3e953bf20a04a028a21ec746d942f8d2af30fa0f124fa0e6a684/pygments-2.21.0-py3-none-any.whl", hash = "sha256:2363c69b61c4a97c838da3b130dcd6468f4848992b21a82f2a63ec34377137d9", size = 1250147, upload-time = "2026-08-17T08:02:44.912Z" },
]

[[package]]
name = "pyqt6"
version = "6.11.0"
source = { registry = "https://pypi.org/simple" }
dependencies = [
    { name = "pyqt6-qt6" },
    { name = "pyqt6-sip" },
]
sdist = { url = "https://files.pythonhosted.org/packages/8b/47/b25c13eca5bebc6505394d0223e46d7ebf0c57dcac2ed908d7d19b18ab6b/pyqt6-6.11.0.tar.gz", hash = "sha256:45dd60aa69976de1918b5ced6b4e7b6a25abd2a919ecef5fd5826ecc76718889", size = 1087430, upload-time = "2026-03-30T09:16:13.543Z" }
wheels = [
    { url = "https://files.pythonhosted.org/packages/33/44/fcd3dd3f64c83c96bf9bce76ec16cca64bd9b91702c3d08fd8e3dafc73d9/pyqt6-6.11.0-cp310-abi3-macosx_10_14_universal2.whl", hash = "sha256:f7100bc7f72b12581ec479a733f4ad11b8002668e6786e8a445ab6f4d1c743d4", size = 12429735, upload-time = "2026-03-30T09:16:03.713Z" },
    { url = "https://files.pythonhosted.org/packages/c3/a0/bd1399740dfa80c0a94d20b02d89962a31458233dcf70eaa09bfbccf3d0f/pyqt6-6.11.0-cp310-abi3-manylinux_2_34_x86_64.whl", hash = "sha256:8555277989fa7d114cb3c3443fd261d566909f7268ceedd41d93a5f02d37ec05", size = 8334632, upload-time = "2026-03-30T09:16:06.066Z" },
    { url = "https://files.pythonhosted.org/packages/d3/db/425b184ac2430ba1978bb507ffd285ec007a872644e2ae5df13332dbcb05/pyqt6-6.11.0-cp310-abi3-manylinux_2_39_aarch64.whl", hash = "sha256:0734959955adde095af9a074213a7f73386d1bbbddfc27346b4c0621641a692e", size = 8321484, upload-time = "2026-03-30T09:16:08.135Z" },
    { url = "https://files.pythonhosted.org/packages/6f/85/dd9f03d78d87460e109e0121cd6201c5802bdd655656bf2780e964870fea/pyqt6-6.11.0-cp310-abi3-win_amd64.whl", hash = "sha256:bd11b459c54dca068e988a42cf838303334f0d441b9d16d92ae6719fcb5ac6ba", size = 6844358, upload-time = "2026-03-30T09:16:09.766Z" },
    { url = "https://files.pythonhosted.org/packages/cd/75/970b041bde4372cc6739c5ef9db1de83a6b36e788e4992e598baa35b2255/pyqt6-6.11.0-cp310-abi3-win_arm64.whl", hash = "sha256:b6324e3501b19b4292c7a55b1f22e82d3e80e519e383ce4fe79b4a754c6f0288", size = 5933984, upload-time = "2026-03-30T09:16:11.817Z" },
]

[[package]]
name = "pyqt6-qt6"
version = "6.11.2"
source = { registry = "https://pypi.org/simple" }
wheels = [
    { url = "https://files.pythonhosted.org/packages/d6/d2/79c88102ff88efcdae338a0ffbb5fa40b70194e0095db5ddec490106bcc6/pyqt6_qt6-6.11.2-py3-none-macosx_10_14_x86_64.whl", hash = "sha256:6a4372baa674ca91de5caf31f241b0660fd3da90fe27fefed9a7a459e630ea89", size = 70517918, upload-time = "2026-08-23T12:59:34.419Z" },
    { url = "https://files.pythonhosted.org/packages/a0/72/f49e11b46eaa887e1250658b9c038f13c654ca7478c7c904ada13bb5133e/pyqt6_qt6-6.11.2-py3-none-macosx_11_0_arm64.whl", hash = "sha256:4f21ff2ffaacfb8a8df6ab1d619d0da7aa4e808e86f41b6daa1a7bff9c0d6eab", size = 64259572, upload-time = "2026-08-23T12:59:40.759Z" },
    { url = "https://files.pythonhosted.org/packages/69/ef/e34054e814c874f5230326ffc791f602a13b2f5590ca9599ba45b5fc4bc0/pyqt6_qt6-6.11.2-py3-none-manylinux_2_34_x86_64.whl", hash = "sha256:da7d747ad917f044d841ff834f17d2c50a0cc5d0e3b16479d8662544207d0567", size = 86012424, upload-time = "2026-08-23T12:59:45.97Z" },
    { url = "https://files.pythonhosted.org/packages/45/01/86f3c30ceee9384d905424a28abbcba6e9489f44ca15b2f4ae74921f079c/pyqt6_qt6-6.11.2-py3-none-manylinux_2_39_aarch64.whl", hash = "sha256:2c38ee8b797c0d7f327afef4cfbb97c73676954ef2d1d503779d62c982bf5a66", size = 85506374, upload-time = "2026-08-23T12:59:51.195Z" },
    { url = "https://files.pythonhosted.org/packages/f6/56/62457dd9b5738f65b9fb4ac6b3120bc0bfa0bc335857fdd456b94b0a6079/pyqt6_qt6-6.11.2-py3-none-win_amd64.whl", hash = "sha256:4b424ed1babbef07133eb2a4174c56c848d518767bca8e759aca2c8c9c313636", size = 78000994, upload-time = "2026-08-23T12:59:56.429Z" },
    { url = "https://files.pythonhosted.org/packages/16/bd/3ce7dc9172b798e191b82296d90f7b89fcd94f111dd249b71cf7acaa803b/pyqt6_qt6-6.11.2-py3-none-win_arm64.whl", hash = "sha256:8c49432936681f325f2925f20ceef35b8fb7599e0c3e63e76d6e50397354ee1f", size = 61679846, upload-time = "2026-08-23T13:00:01.138Z" },
]

[[package]]
name = "pyqt6-sip"
version = "13.12.0"
source = { registry = "https://pypi.org/simple" }
sdist = { url = "https://files.pythonhosted.org/packages/d1/23/16c583dbb6b53e0494dfcf7d1a44778c82e324edda62326727b37f1a5b34/pyqt6_sip-13.12.0.tar.gz", hash = "sha256:a7ad45c1e3cec3a2473d37ea9870b6c3baeccc560298623c8eb59265714c06e2", size = 93979, upload-time = "2026-08-02T12:04:47.231Z" }
wheels = [
    { url = "https://files.pythonhosted.org/packages/57/cd/1f9470cb0352510fb7a6094529d874342f17b8329db1705f4e9e39882c8c/pyqt6_sip-13.12.0-cp311-cp311-macosx_10_9_universal2.whl", hash = "sha256:109ba8a7e3621e27a09a8086d54346a8a9f70ea3470d7530c60cdd697604a966", size = 110981, upload-time = "2026-08-02T12:04:21.676Z" },
    { url = "https://files.pythonhosted.org/packages/16/5c/5a40e8015acfbe3437b93551cd6b3df2bcb0664e13b65d141395be828c36/pyqt6_sip-13.12.0-cp311-cp311-manylinux1_x86_64.manylinux_2_5_x86_64.whl", hash = "sha256:30798c3fc22682a42ad0097f85c92f8ef4393b69b3fc407eb447be3049d7cbad", size = 290069, upload-time = "2026-08-02T12:04:24.272Z" },
    { url = "https://files.pythonhosted.org/packages/55/be/7a2371d35e9c871b0fac0a33db4118ab9d17a1c9322d95d22f05729ef57a/pyqt6_sip-13.12.0-cp311-cp311-manylinux_2_17_aarch64.manylinux2014_aarch64.whl", hash = "sha256:d09f10eee29c75dc255797096d29e576a9bf15813ece4c9376bc26dbef1b18a8", size = 315941, upload-time = "2026-08-02T12:04:22.922Z" },
    { url = "https://files.pythonhosted.org/packages/66/3c/9420e8756c3b32bbd5ce2a828292ce43b762ab66cc64de2c2c1f90b998e2/pyqt6_sip-13.12.0-cp311-cp311-win_amd64.whl", hash = "sha256:61faaad2a4c5dc08e8b0abbae34a66f035c921cf085ae53f67a3ddcfec1d0f22", size = 54054, upload-time = "2026-08-02T12:04:25.324Z" },
    { url = "https://files.pythonhosted.org/packages/5d/c4/6d4c51ba621edf02ed5e331fc19b6d228470827d1190413951d42c0e4969/pyqt6_sip-13.12.0-cp311-cp311-win_arm64.whl", hash = "sha256:80bfce3924414c2d3d293851cf0b12a29f4ad5c8dab5450fa817385f540eb633", size = 48417, upload-time = "2026-08-02T12:04:26.246Z" },
    { url = "https://files.pythonhosted.org/packages/86/d0/2eb16fd24e50285536ad3786fd9353b6c6f9e3893d4e30e6fb340fe537f5/pyqt6_sip-13.12.0-cp312-cp312-macosx_10_9_universal2.whl", hash = "sha256:51352451de3a02ca5476c4248553550385a5df0c4e8a01efbef923fbdaddd79f", size = 112517, upload-time = "2026-08-02T12:04:27.385Z" },
    { url = "https://files.pythonhosted.org/packages/63/4c/3d4217383269153a3026e825dd109968561638d20394671e4dc8e13c6a95/pyqt6_sip-13.12.0-cp312-cp312-manylinux1_x86_64.manylinux_2_5_x86_64.whl", hash = "sha256:3476132fc5c85d7136eb14cb7d9e1909e9f5ee94a85d892e4ac244990ba541b3", size = 299556, upload-time = "2026-08-02T12:04:29.912Z" },
    { url = "https://files.pythonhosted.org/packages/90/4c/898dcfbfa116dbaf204376bc6aa67e76010b93dd2e0e3da25bcb5624956b/pyqt6_sip-13.12.0-cp312-cp312-manylinux_2_17_aarch64.manylinux2014_aarch64.whl", hash = "sha256:8427e9bdf03539b077c962b764dce98f2264a51a09879fe14cda7acdc1ba05eb", size = 321194, upload-time = "2026-08-02T12:04:28.458Z" },
    { url = "https://files.pythonhosted.org/packages/2a/58/caeb6b59c88b93ab30ceabbbb07b0efc50f8b0585876f4424f92addb85fe/pyqt6_sip-13.12.0-cp312-cp312-win_amd64.whl", hash = "sha256:fc40cda618f13e291e35271f29250b55b9b362755f6e22357d244fcbacd18e6c", size = 53341, upload-time = "2026-08-02T12:04:31.066Z" },
    { url = "https://files.pythonhosted.org/packages/cb/5d/8028ffa154a8243c942521adf50c452d21f889c7b7caab2865f79d60951a/pyqt6_sip-13.12.0-cp312-cp312-win_arm64.whl", hash = "sha256:543b9b210ca4278ee510f938d4b3d696b587b2b223c6cd1ba819c3cef3b67ea5", size = 48703, upload-time = "2026-08-02T12:04:32.021Z" },
    { url = "https://files.pythonhosted.org/packages/16/68/dd27f520678ff7b6cbafc54569d606409481b3bb251dbc0a9bb2a7423701/pyqt6_sip-13.12.0-cp313-cp313-macosx_10_13_universal2.whl", hash = "sha256:85ac64530f6e7362a853fea1ce50e91f026cb87b411abe7a9efe4edb844458fa", size = 112520, upload-time = "2026-08-02T12:04:33.107Z" },
    { url = "https://files.pythonhosted.org/packages/34/9a/3f8127196bb2e303914c92670590633a7b3141aca640dc0122c326366c3d/pyqt6_sip-13.12.0-cp313-cp313-manylinux1_x86_64.manylinux_2_5_x86_64.whl", hash = "sha256:5b5610a21401dbf97eaa82a2d35e727d3269ef370f299a892ff154f4b6f338ca", size = 299892, upload-time = "2026-08-02T12:04:35.614Z" },
    { url = "https://files.pythonhosted.org/packages/e4/56/2ec8cd46fb9ac112112792f879706afd4f2097f69dd8893627923110c30e/pyqt6_sip-13.12.0-cp313-cp313-manylinux_2_17_aarch64.manylinux2014_aarch64.whl", hash = "sha256:84b5df633e3c7bc5faaec18b71f45d297002ee258350f823648b6f447763524c", size = 321398, upload-time = "2026-08-02T12:04:34.296Z" },
    { url = "https://files.pythonhosted.org/packages/2d/63/f74d1de19822c69a5a6d0e9c59e06f05ab37e4502dbb17cea93d799ac0b6/pyqt6_sip-13.12.0-cp313-cp313-win_amd64.whl", hash = "sha256:99a9016b9f6f23e4446703ba2c2271b35a3ff2fd5115e607b9fac675774abea9", size = 53342, upload-time = "2026-08-02T12:04:36.717Z" },
    { url = "https://files.pythonhosted.org/packages/b3/48/3be6fa82006c8e7827bbdcdff9673c291e4da1ec5152a8404c4765b0a8c0/pyqt6_sip-13.12.0-cp313-cp313-win_arm64.whl", hash = "sha256:2431eef7617f7cd26d22789178a57a688ddbca814fd5215fbe577f4bf45569b8", size = 48714, upload-time = "2026-08-02T12:04:37.835Z" },
    { url = "https://files.pythonhosted.org/packages/ed/f8/7d9e8c559446d4fe738e3faebb75c0c172093a15dd6be29771aad8b012a9/pyqt6_sip-13.12.0-cp314-cp314-macosx_10_15_universal2.whl", hash = "sha256:beeebe34fdb4d2997310f60a618e332a7097db4f52ae970f5f0a6b8e7105cb18", size = 112587, upload-time = "2026-08-02T12:04:40.657Z" },
    { url = "https://files.pythonhosted.org/packages/c2/4b/b6f552e79b8d5c80370b9691a381d26e09d7b5fb9e434cb444b0b436f8a8/pyqt6_sip-13.12.0-cp314-cp314-manylinux1_x86_64.manylinux_2_5_x86_64.whl", hash = "sha256:309a69feb94dfc0bec7e224055db376b157ce6d88b94eb4076d2e913b4c62b47", size = 299624, upload-time = "2026-08-02T12:04:43.669Z" },
    { url = "https://files.pythonhosted.org/packages/14/ee/f7c22e6a43ce23bc05fc481f1e7c8dc3ba06e9870b045adc9377234b6fbd/pyqt6_sip-13.12.0-cp314-cp314-manylinux_2_17_aarch64.manylinux2014_aarch64.whl", hash = "sha256:0874073287e6d5b900768b95fca3f0ea23209c1bef5321bb2422f5dca455a899", size = 321825, upload-time = "2026-08-02T12:04:41.713Z" },
    { url = "https://files.pythonhosted.org/packages/c6/d3/30e57a4ceeb222348e60862183e3e7159490944b428230f728b465614928/pyqt6_sip-13.12.0-cp314-cp314-win_amd64.whl", hash = "sha256:9717fc4271e5d71e1cecadbb3340c3990ea9d58923fbf076b70cf8bc0f339639", size = 54971, upload-time = "2026-08-02T12:04:45.001Z" },
    { url = "https://files.pythonhosted.org/packages/1c/cb/806b3fcc7ab9dc77fc42a26dc010f7d87aa32c230af3ddebb958eed02e80/pyqt6_sip-13.12.0-cp314-cp314-win_arm64.whl", hash = "sha256:6815e719d1fd4c71c0d3ed85e7e91b615959d949dac7af6e3f11a29a3a565676", size = 49576, upload-time = "2026-08-02T12:04:46.074Z" },
]

[[package]]
name = "rich"
version = "15.0.0"
source = { registry = "https://pypi.org/simple" }
dependencies = [
    { name = "markdown-it-py" },
    { name = "pygments" },
]
sdist = { url = "https://files.pythonhosted.org/packages/c0/8f/0722ca900cc807c13a6a0c696dacf35430f72e0ec571c4275d2371fca3e9/rich-15.0.0.tar.gz", hash = "sha256:edd07a4824c6b40189fb7ac9bc4c52536e9780fbbfbddf6f1e2502c31b068c36", size = 230680, upload-time = "2026-04-12T08:24:00.75Z" }
wheels = [
    { url = "https://files.pythonhosted.org/packages/82/3b/64d4899d73f91ba49a8c18a8ff3f0ea8f1c1d75481760df8c68ef5235bf5/rich-15.0.0-py3-none-any.whl", hash = "sha256:33bd4ef74232fb73fe9279a257718407f169c09b78a87ad3d296f548e27de0bb", size = 310654, upload-time = "2026-04-12T08:24:02.83Z" },
]

[[package]]
name = "textual"
version = "8.2.8"
source = { registry = "https://pypi.org/simple" }
dependencies = [
    { name = "markdown-it-py", extra = ["linkify"] },
    { name = "mdit-py-plugins" },
    { name = "platformdirs" },
    { name = "pygments" },
    { name = "rich" },
    { name = "typing-extensions" },
]
sdist = { url = "https://files.pythonhosted.org/packages/00/21/39a76b01bd5eea82a04baaca7580e105d8c59450df03998345bb2cfb307b/textual-8.2.8.tar.gz", hash = "sha256:3f106a9fbc73e39dd266c9712432087de78a6d644084c7c241d6a25c3169115b", size = 1860502, upload-time = "2026-06-30T06:51:24.495Z" }
wheels = [
    { url = "https://files.pythonhosted.org/packages/fb/be/35261223d9416a0751cdff1c7b4a6f881387218a12d439fe22fefebc8c04/textual-8.2.8-py3-none-any.whl", hash = "sha256:267375fd402dc8d981457212efa71f0e3365fd17bba144ba9bb3ed7563cb374a", size = 731418, upload-time = "2026-06-30T06:51:26.364Z" },
]

[[package]]
name = "typing-extensions"
version = "4.16.0"
source = { registry = "https://pypi.org/simple" }
sdist = { url = "https://files.pythonhosted.org/packages/f6/cc/6253133b5bb138fc3306cebfbda2c520f545d36b5be2c7255cc528bb45d6/typing_extensions-4.16.0.tar.gz", hash = "sha256:dc983d19a509c94dba722ee6abd33940f7c05a89e243c47e907eb4db6f1a43e5", size = 113555, upload-time = "2026-07-02T08:40:05.92Z" }
wheels = [
    { url = "https://files.pythonhosted.org/packages/49/d3/b8441a820a491ddfc024b0b0cf0393375b75ea13866d9c66727e54c2fc80/typing_extensions-4.16.0-py3-none-any.whl", hash = "sha256:481caa481374e813c1b176ada14e97f1f67a4539ce9cfeb3f350d78d6370c2e8", size = 45571, upload-time = "2026-07-02T08:40:04.659Z" },
]

[[package]]
name = "web-staticy"
version = "0.1.0"
source = { virtual = "." }
dependencies = [
    { name = "linkify-it-py" },
    { name = "pyqt6" },
    { name = "textual" },
]

[package.metadata]
requires-dist = [
    { name = "linkify-it-py", specifier = ">=2.2.0" },
    { name = "pyqt6", specifier = ">=6.11.0" },
    { name = "textual", specifier = ">=8.2.8" },
]
